
Microsoft Visual Studio Solution File, Format Version 12.00
# Visual Studio 15
VisualStudioVersion = 15.0.28307.271
MinimumVisualStudioVersion = 10.0.40219.1
Project("{FAE04EC0-301F-11D3-BF4B-00C04F79EFBC}") = "ReverseItemsInString", "ReverseItemsInString\ReverseItemsInString.csproj", "{77A4AE46-D045-42CF-B1BA-3C28A0B0838D}"
EndProject
Global
	GlobalSection(SolutionConfigurationPlatforms) = preSolution
		Debug|Any CPU = Debug|Any CPU
		Release|Any CPU = Release|Any CPU
	EndGlobalSection
	GlobalSection(ProjectConfigurationPlatforms) = postSolution
		{77A4AE46-D045-42CF-B1BA-3C28A0B0838D}.Debug|Any CPU.ActiveCfg = Debug|Any CPU
		{77A4AE46-D045-42CF-B1BA-3C28A0B0838D}.Debug|Any CPU.Build.0 = Debug|Any CPU
		{77A4AE46-D045-42CF-B1BA-3C28A0B0838D}.Release|Any CPU.ActiveCfg = Release|Any CPU
		{77A4AE46-D045-42CF-B1BA-3C28A0B0838D}.Release|Any CPU.Build.0 = Release|Any CPU
	EndGlobalSection
	GlobalSection(SolutionProperties) = preSolution
		HideSolutionNode = FALSE
	EndGlobalSection
	GlobalSection(ExtensibilityGlobals) = postSolution
		SolutionGuid = {6D36EF12-806A-4FC1-A96A-0845E8D73CEF}
	EndGlobalSection
EndGlobal
