
Microsoft Visual Studio Solution File, Format Version 12.00
# Visual Studio 15
VisualStudioVersion = 15.0.28307.271
MinimumVisualStudioVersion = 10.0.40219.1
Project("{FAE04EC0-301F-11D3-BF4B-00C04F79EFBC}") = "recursiveMethodsPractice", "recursiveMethodsPractice\recursiveMethodsPractice.csproj", "{1FFCA5AD-F691-4E46-A904-77BEC97D3EF7}"
EndProject
Global
	GlobalSection(SolutionConfigurationPlatforms) = preSolution
		Debug|Any CPU = Debug|Any CPU
		Release|Any CPU = Release|Any CPU
	EndGlobalSection
	GlobalSection(ProjectConfigurationPlatforms) = postSolution
		{1FFCA5AD-F691-4E46-A904-77BEC97D3EF7}.Debug|Any CPU.ActiveCfg = Debug|Any CPU
		{1FFCA5AD-F691-4E46-A904-77BEC97D3EF7}.Debug|Any CPU.Build.0 = Debug|Any CPU
		{1FFCA5AD-F691-4E46-A904-77BEC97D3EF7}.Release|Any CPU.ActiveCfg = Release|Any CPU
		{1FFCA5AD-F691-4E46-A904-77BEC97D3EF7}.Release|Any CPU.Build.0 = Release|Any CPU
	EndGlobalSection
	GlobalSection(SolutionProperties) = preSolution
		HideSolutionNode = FALSE
	EndGlobalSection
	GlobalSection(ExtensibilityGlobals) = postSolution
		SolutionGuid = {67788E2E-6FB8-4638-AB53-17933BF7D990}
	EndGlobalSection
EndGlobal
