
Microsoft Visual Studio Solution File, Format Version 12.00
# Visual Studio 15
VisualStudioVersion = 15.0.28307.271
MinimumVisualStudioVersion = 10.0.40219.1
Project("{FAE04EC0-301F-11D3-BF4B-00C04F79EFBC}") = "SortArrOfNums_Practice", "SortArrOfNums_Practice\SortArrOfNums_Practice.csproj", "{F2B7E659-FBB7-488B-99E9-06449DF36EA1}"
EndProject
Project("{FAE04EC0-301F-11D3-BF4B-00C04F79EFBC}") = "SortArrOfNums_binarySearch", "SortArrOfNums_binarySearch\SortArrOfNums_binarySearch.csproj", "{55BBBCC9-63E7-4BCF-BA03-451670A11554}"
EndProject
Global
	GlobalSection(SolutionConfigurationPlatforms) = preSolution
		Debug|Any CPU = Debug|Any CPU
		Release|Any CPU = Release|Any CPU
	EndGlobalSection
	GlobalSection(ProjectConfigurationPlatforms) = postSolution
		{F2B7E659-FBB7-488B-99E9-06449DF36EA1}.Debug|Any CPU.ActiveCfg = Debug|Any CPU
		{F2B7E659-FBB7-488B-99E9-06449DF36EA1}.Debug|Any CPU.Build.0 = Debug|Any CPU
		{F2B7E659-FBB7-488B-99E9-06449DF36EA1}.Release|Any CPU.ActiveCfg = Release|Any CPU
		{F2B7E659-FBB7-488B-99E9-06449DF36EA1}.Release|Any CPU.Build.0 = Release|Any CPU
		{55BBBCC9-63E7-4BCF-BA03-451670A11554}.Debug|Any CPU.ActiveCfg = Debug|Any CPU
		{55BBBCC9-63E7-4BCF-BA03-451670A11554}.Debug|Any CPU.Build.0 = Debug|Any CPU
		{55BBBCC9-63E7-4BCF-BA03-451670A11554}.Release|Any CPU.ActiveCfg = Release|Any CPU
		{55BBBCC9-63E7-4BCF-BA03-451670A11554}.Release|Any CPU.Build.0 = Release|Any CPU
	EndGlobalSection
	GlobalSection(SolutionProperties) = preSolution
		HideSolutionNode = FALSE
	EndGlobalSection
	GlobalSection(ExtensibilityGlobals) = postSolution
		SolutionGuid = {51C67D83-C5FE-4BBE-9CC6-D5D0A8F4A86E}
	EndGlobalSection
EndGlobal
