
Microsoft Visual Studio Solution File, Format Version 12.00
# Visual Studio 15
VisualStudioVersion = 15.0.28307.271
MinimumVisualStudioVersion = 10.0.40219.1
Project("{FAE04EC0-301F-11D3-BF4B-00C04F79EFBC}") = "enumPractice_movieStructure", "enumPractice_movieStructure\enumPractice_movieStructure.csproj", "{24E6BFBF-019B-4DE9-A3F1-B4CD37A7ED59}"
EndProject
Global
	GlobalSection(SolutionConfigurationPlatforms) = preSolution
		Debug|Any CPU = Debug|Any CPU
		Release|Any CPU = Release|Any CPU
	EndGlobalSection
	GlobalSection(ProjectConfigurationPlatforms) = postSolution
		{24E6BFBF-019B-4DE9-A3F1-B4CD37A7ED59}.Debug|Any CPU.ActiveCfg = Debug|Any CPU
		{24E6BFBF-019B-4DE9-A3F1-B4CD37A7ED59}.Debug|Any CPU.Build.0 = Debug|Any CPU
		{24E6BFBF-019B-4DE9-A3F1-B4CD37A7ED59}.Release|Any CPU.ActiveCfg = Release|Any CPU
		{24E6BFBF-019B-4DE9-A3F1-B4CD37A7ED59}.Release|Any CPU.Build.0 = Release|Any CPU
	EndGlobalSection
	GlobalSection(SolutionProperties) = preSolution
		HideSolutionNode = FALSE
	EndGlobalSection
	GlobalSection(ExtensibilityGlobals) = postSolution
		SolutionGuid = {8B2B296C-15C4-48C9-B594-8B77744DAF99}
	EndGlobalSection
EndGlobal
