
Microsoft Visual Studio Solution File, Format Version 12.00
# Visual Studio 15
VisualStudioVersion = 15.0.28307.271
MinimumVisualStudioVersion = 10.0.40219.1
Project("{FAE04EC0-301F-11D3-BF4B-00C04F79EFBC}") = "ArrayManipulation", "ArrayManipulation\ArrayManipulation.csproj", "{35E64ED1-165B-4263-9E22-1746BF660D27}"
EndProject
Global
	GlobalSection(SolutionConfigurationPlatforms) = preSolution
		Debug|Any CPU = Debug|Any CPU
		Release|Any CPU = Release|Any CPU
	EndGlobalSection
	GlobalSection(ProjectConfigurationPlatforms) = postSolution
		{35E64ED1-165B-4263-9E22-1746BF660D27}.Debug|Any CPU.ActiveCfg = Debug|Any CPU
		{35E64ED1-165B-4263-9E22-1746BF660D27}.Debug|Any CPU.Build.0 = Debug|Any CPU
		{35E64ED1-165B-4263-9E22-1746BF660D27}.Release|Any CPU.ActiveCfg = Release|Any CPU
		{35E64ED1-165B-4263-9E22-1746BF660D27}.Release|Any CPU.Build.0 = Release|Any CPU
	EndGlobalSection
	GlobalSection(SolutionProperties) = preSolution
		HideSolutionNode = FALSE
	EndGlobalSection
	GlobalSection(ExtensibilityGlobals) = postSolution
		SolutionGuid = {2B5C2091-1900-4EC2-94B1-8CA16E164AC3}
	EndGlobalSection
EndGlobal
